
Microsoft Visual Studio Solution File, Format Version 12.00
Project("{FAE04EC0-301F-11D3-BF4B-00C04F79EFBC}") = "EventAggregator", "EventAggregator\EventAggregator.csproj", "{426D4ACD-4CB8-425F-8F7E-F5C9E94D1B3C}"
EndProject
Project("{FAE04EC0-301F-11D3-BF4B-00C04F79EFBC}") = "EventAggregator.Tests", "EventAggregator.Tests\EventAggregator.Tests.csproj", "{98405553-7B47-40F1-A12F-5558AE38128C}"
EndProject
Project("{FAE04EC0-301F-11D3-BF4B-00C04F79EFBC}") = "EventAggregator.Sample", "EventAggregator.Sample\EventAggregator.Sample.csproj", "{66B8A11D-6C47-4915-ABC0-BEE681474B87}"
EndProject
Global
	GlobalSection(SolutionConfigurationPlatforms) = preSolution
		Debug|Any CPU = Debug|Any CPU
		Release|Any CPU = Release|Any CPU
	EndGlobalSection
	GlobalSection(ProjectConfigurationPlatforms) = postSolution
		{426D4ACD-4CB8-425F-8F7E-F5C9E94D1B3C}.Debug|Any CPU.ActiveCfg = Debug|Any CPU
		{426D4ACD-4CB8-425F-8F7E-F5C9E94D1B3C}.Debug|Any CPU.Build.0 = Debug|Any CPU
		{426D4ACD-4CB8-425F-8F7E-F5C9E94D1B3C}.Release|Any CPU.ActiveCfg = Release|Any CPU
		{426D4ACD-4CB8-425F-8F7E-F5C9E94D1B3C}.Release|Any CPU.Build.0 = Release|Any CPU
		{98405553-7B47-40F1-A12F-5558AE38128C}.Debug|Any CPU.ActiveCfg = Debug|Any CPU
		{98405553-7B47-40F1-A12F-5558AE38128C}.Debug|Any CPU.Build.0 = Debug|Any CPU
		{98405553-7B47-40F1-A12F-5558AE38128C}.Release|Any CPU.ActiveCfg = Release|Any CPU
		{98405553-7B47-40F1-A12F-5558AE38128C}.Release|Any CPU.Build.0 = Release|Any CPU
		{66B8A11D-6C47-4915-ABC0-BEE681474B87}.Debug|Any CPU.ActiveCfg = Debug|Any CPU
		{66B8A11D-6C47-4915-ABC0-BEE681474B87}.Debug|Any CPU.Build.0 = Debug|Any CPU
		{66B8A11D-6C47-4915-ABC0-BEE681474B87}.Release|Any CPU.ActiveCfg = Release|Any CPU
		{66B8A11D-6C47-4915-ABC0-BEE681474B87}.Release|Any CPU.Build.0 = Release|Any CPU
	EndGlobalSection
EndGlobal
